{
	"name": "ga144",
	"version": "1.4.0",
	"lockfileVersion": 3,
	"requires": true,
	"packages": {
		"": {
			"name": "ga144",
			"version": "1.4.0",
			"license": "MIT",
			"devDependencies": {
				"@types/vscode": "1.83.3"
			},
			"engines": {
				"vscode": "^1.83.0"
			}
		},
		"node_modules/@types/vscode": {
			"version": "1.83.3",
			"resolved": "https://registry.npmjs.org/@types/vscode/-/vscode-1.83.3.tgz",
			"integrity": "sha512-ZPp5+OQNYrCSFoT4jWOZKdcuXijj+JdN2BJNDhWH4pPbVL6PRQycG9NT8C4a94oul1tFMbkVbXXa9HasI7cLUg==",
			"dev": true
		}
	}
}
